
Microsoft Visual Studio Solution File, Format Version 11.00
# Visual Studio 2010
Project("{FAE04EC0-301F-11D3-BF4B-00C04F79EFBC}") = "Seasoning", "Seasoning\Seasoning.csproj", "{6E3F418B-3D20-44D9-9353-03DDD7F56959}"
EndProject
Project("{FAE04EC0-301F-11D3-BF4B-00C04F79EFBC}") = "SeasoningTests", "SeasoningTests\SeasoningTests.csproj", "{118037E2-9D63-43C5-B211-5723C2C67F1C}"
EndProject
Project("{2150E333-8FDC-42A3-9474-1A3956D46DE8}") = "Solution Items", "Solution Items", "{C9863463-5BD9-462D-B43E-76DBECCA361D}"
	ProjectSection(SolutionItems) = preProject
		README = README
	EndProjectSection
EndProject
Global
	GlobalSection(SolutionConfigurationPlatforms) = preSolution
		Debug|Any CPU = Debug|Any CPU
		Release|Any CPU = Release|Any CPU
	EndGlobalSection
	GlobalSection(ProjectConfigurationPlatforms) = postSolution
		{6E3F418B-3D20-44D9-9353-03DDD7F56959}.Debug|Any CPU.ActiveCfg = Debug|Any CPU
		{6E3F418B-3D20-44D9-9353-03DDD7F56959}.Debug|Any CPU.Build.0 = Debug|Any CPU
		{6E3F418B-3D20-44D9-9353-03DDD7F56959}.Release|Any CPU.ActiveCfg = Release|Any CPU
		{6E3F418B-3D20-44D9-9353-03DDD7F56959}.Release|Any CPU.Build.0 = Release|Any CPU
		{118037E2-9D63-43C5-B211-5723C2C67F1C}.Debug|Any CPU.ActiveCfg = Debug|Any CPU
		{118037E2-9D63-43C5-B211-5723C2C67F1C}.Debug|Any CPU.Build.0 = Debug|Any CPU
		{118037E2-9D63-43C5-B211-5723C2C67F1C}.Release|Any CPU.ActiveCfg = Release|Any CPU
		{118037E2-9D63-43C5-B211-5723C2C67F1C}.Release|Any CPU.Build.0 = Release|Any CPU
	EndGlobalSection
	GlobalSection(SolutionProperties) = preSolution
		HideSolutionNode = FALSE
	EndGlobalSection
EndGlobal
